// !$*UTF8*$!
{
	archiveVersion = 1;
	classes = {
	};
	objectVersion = 46;
	objects = {

/* Begin PBXBuildFile section */
		8B566B8B1F14B55800AB6A3A /* UIAlertController+Utils.m in Sources */ = {isa = PBXBuildFile; fileRef = 8B566B8A1F14B55800AB6A3A /* UIAlertController+Utils.m */; };
		8B566B8E1F15095D00AB6A3A /* ImageViewController.m in Sources */ = {isa = PBXBuildFile; fileRef = 8B566B8D1F15095D00AB6A3A /* ImageViewController.m */; };
		8B566B911F152F0A00AB6A3A /* CategoryViewController.m in Sources */ = {isa = PBXBuildFile; fileRef = 8B566B901F152F0A00AB6A3A /* CategoryViewController.m */; };
		8B566B951F15354B00AB6A3A /* Category.m in Sources */ = {isa = PBXBuildFile; fileRef = 8B566B941F15354B00AB6A3A /* Category.m */; };
		8B566B981F15362500AB6A3A /* Photo.m in Sources */ = {isa = PBXBuildFile; fileRef = 8B566B971F15362500AB6A3A /* Photo.m */; };
		8B566BA21F153BF300AB6A3A /* CategoryService.m in Sources */ = {isa = PBXBuildFile; fileRef = 8B566BA11F153BF300AB6A3A /* CategoryService.m */; };
		8B566BA51F153C0400AB6A3A /* PhotosService.m in Sources */ = {isa = PBXBuildFile; fileRef = 8B566BA41F153C0400AB6A3A /* PhotosService.m */; };
		8B566BA81F155DA800AB6A3A /* CustomTableViewCell.m in Sources */ = {isa = PBXBuildFile; fileRef = 8B566BA71F155DA800AB6A3A /* CustomTableViewCell.m */; };
		8B566BAB1F158A2C00AB6A3A /* PhotoViewController.m in Sources */ = {isa = PBXBuildFile; fileRef = 8B566BAA1F158A2C00AB6A3A /* PhotoViewController.m */; };
		8B566BB11F1590C200AB6A3A /* CustomCollectionViewCell.m in Sources */ = {isa = PBXBuildFile; fileRef = 8B566BB01F1590C200AB6A3A /* CustomCollectionViewCell.m */; };
		8BD22CD71F137C7500DD96AE /* main.m in Sources */ = {isa = PBXBuildFile; fileRef = 8BD22CD61F137C7500DD96AE /* main.m */; };
		8BD22CE01F137C7500DD96AE /* Main.storyboard in Resources */ = {isa = PBXBuildFile; fileRef = 8BD22CDE1F137C7500DD96AE /* Main.storyboard */; };
		8BD22CE21F137C7500DD96AE /* Assets.xcassets in Resources */ = {isa = PBXBuildFile; fileRef = 8BD22CE11F137C7500DD96AE /* Assets.xcassets */; };
		8BD22CE51F137C7500DD96AE /* LaunchScreen.storyboard in Resources */ = {isa = PBXBuildFile; fileRef = 8BD22CE31F137C7500DD96AE /* LaunchScreen.storyboard */; };
		8BD22CF01F138C4500DD96AE /* ViewController.m in Sources */ = {isa = PBXBuildFile; fileRef = 8BD22CEF1F138C4500DD96AE /* ViewController.m */; };
		8BD22CF41F138C4F00DD96AE /* AppDelegate.m in Sources */ = {isa = PBXBuildFile; fileRef = 8BD22CF31F138C4F00DD96AE /* AppDelegate.m */; };
		8BD22CF71F138C7600DD96AE /* TransportLayer.m in Sources */ = {isa = PBXBuildFile; fileRef = 8BD22CF61F138C7600DD96AE /* TransportLayer.m */; };
/* End PBXBuildFile section */

/* Begin PBXFileReference section */
		8B566B891F14B55800AB6A3A /* UIAlertController+Utils.h */ = {isa = PBXFileReference; fileEncoding = 4; lastKnownFileType = sourcecode.c.h; path = "UIAlertController+Utils.h"; sourceTree = "<group>"; };
		8B566B8A1F14B55800AB6A3A /* UIAlertController+Utils.m */ = {isa = PBXFileReference; fileEncoding = 4; lastKnownFileType = sourcecode.c.objc; path = "UIAlertController+Utils.m"; sourceTree = "<group>"; };
		8B566B8C1F15095D00AB6A3A /* ImageViewController.h */ = {isa = PBXFileReference; fileEncoding = 4; lastKnownFileType = sourcecode.c.h; path = ImageViewController.h; sourceTree = "<group>"; };
		8B566B8D1F15095D00AB6A3A /* ImageViewController.m */ = {isa = PBXFileReference; fileEncoding = 4; lastKnownFileType = sourcecode.c.objc; path = ImageViewController.m; sourceTree = "<group>"; };
		8B566B8F1F152F0A00AB6A3A /* CategoryViewController.h */ = {isa = PBXFileReference; fileEncoding = 4; lastKnownFileType = sourcecode.c.h; path = CategoryViewController.h; sourceTree = "<group>"; };
		8B566B901F152F0A00AB6A3A /* CategoryViewController.m */ = {isa = PBXFileReference; fileEncoding = 4; lastKnownFileType = sourcecode.c.objc; path = CategoryViewController.m; sourceTree = "<group>"; };
		8B566B931F15354B00AB6A3A /* Category.h */ = {isa = PBXFileReference; fileEncoding = 4; lastKnownFileType = sourcecode.c.h; path = Category.h; sourceTree = "<group>"; };
		8B566B941F15354B00AB6A3A /* Category.m */ = {isa = PBXFileReference; fileEncoding = 4; lastKnownFileType = sourcecode.c.objc; path = Category.m; sourceTree = "<group>"; };
		8B566B961F15362500AB6A3A /* Photo.h */ = {isa = PBXFileReference; fileEncoding = 4; lastKnownFileType = sourcecode.c.h; path = Photo.h; sourceTree = "<group>"; };
		8B566B971F15362500AB6A3A /* Photo.m */ = {isa = PBXFileReference; fileEncoding = 4; lastKnownFileType = sourcecode.c.objc; path = Photo.m; sourceTree = "<group>"; };
		8B566B9E1F15380D00AB6A3A /* ModelProtocol.h */ = {isa = PBXFileReference; lastKnownFileType = sourcecode.c.h; path = ModelProtocol.h; sourceTree = "<group>"; };
		8B566BA01F153BF300AB6A3A /* CategoryService.h */ = {isa = PBXFileReference; fileEncoding = 4; lastKnownFileType = sourcecode.c.h; path = CategoryService.h; sourceTree = "<group>"; };
		8B566BA11F153BF300AB6A3A /* CategoryService.m */ = {isa = PBXFileReference; fileEncoding = 4; lastKnownFileType = sourcecode.c.objc; path = CategoryService.m; sourceTree = "<group>"; };
		8B566BA31F153C0400AB6A3A /* PhotosService.h */ = {isa = PBXFileReference; fileEncoding = 4; lastKnownFileType = sourcecode.c.h; path = PhotosService.h; sourceTree = "<group>"; };
		8B566BA41F153C0400AB6A3A /* PhotosService.m */ = {isa = PBXFileReference; fileEncoding = 4; lastKnownFileType = sourcecode.c.objc; path = PhotosService.m; sourceTree = "<group>"; };
		8B566BA61F155DA800AB6A3A /* CustomTableViewCell.h */ = {isa = PBXFileReference; fileEncoding = 4; lastKnownFileType = sourcecode.c.h; path = CustomTableViewCell.h; sourceTree = "<group>"; };
		8B566BA71F155DA800AB6A3A /* CustomTableViewCell.m */ = {isa = PBXFileReference; fileEncoding = 4; lastKnownFileType = sourcecode.c.objc; path = CustomTableViewCell.m; sourceTree = "<group>"; };
		8B566BA91F158A2C00AB6A3A /* PhotoViewController.h */ = {isa = PBXFileReference; fileEncoding = 4; lastKnownFileType = sourcecode.c.h; path = PhotoViewController.h; sourceTree = "<group>"; };
		8B566BAA1F158A2C00AB6A3A /* PhotoViewController.m */ = {isa = PBXFileReference; fileEncoding = 4; lastKnownFileType = sourcecode.c.objc; path = PhotoViewController.m; sourceTree = "<group>"; };
		8B566BAF1F1590C200AB6A3A /* CustomCollectionViewCell.h */ = {isa = PBXFileReference; fileEncoding = 4; lastKnownFileType = sourcecode.c.h; path = CustomCollectionViewCell.h; sourceTree = "<group>"; };
		8B566BB01F1590C200AB6A3A /* CustomCollectionViewCell.m */ = {isa = PBXFileReference; fileEncoding = 4; lastKnownFileType = sourcecode.c.objc; path = CustomCollectionViewCell.m; sourceTree = "<group>"; };
		8BD22CD21F137C7500DD96AE /* TestProject.app */ = {isa = PBXFileReference; explicitFileType = wrapper.application; includeInIndex = 0; path = TestProject.app; sourceTree = BUILT_PRODUCTS_DIR; };
		8BD22CD61F137C7500DD96AE /* main.m */ = {isa = PBXFileReference; lastKnownFileType = sourcecode.c.objc; path = main.m; sourceTree = "<group>"; };
		8BD22CDF1F137C7500DD96AE /* Base */ = {isa = PBXFileReference; lastKnownFileType = file.storyboard; name = Base; path = Base.lproj/Main.storyboard; sourceTree = "<group>"; };
		8BD22CE11F137C7500DD96AE /* Assets.xcassets */ = {isa = PBXFileReference; lastKnownFileType = folder.assetcatalog; path = Assets.xcassets; sourceTree = "<group>"; };
		8BD22CE41F137C7500DD96AE /* Base */ = {isa = PBXFileReference; lastKnownFileType = file.storyboard; name = Base; path = Base.lproj/LaunchScreen.storyboard; sourceTree = "<group>"; };
		8BD22CE61F137C7500DD96AE /* Info.plist */ = {isa = PBXFileReference; lastKnownFileType = text.plist.xml; path = Info.plist; sourceTree = "<group>"; };
		8BD22CEE1F138C4500DD96AE /* ViewController.h */ = {isa = PBXFileReference; fileEncoding = 4; lastKnownFileType = sourcecode.c.h; path = ViewController.h; sourceTree = "<group>"; };
		8BD22CEF1F138C4500DD96AE /* ViewController.m */ = {isa = PBXFileReference; fileEncoding = 4; lastKnownFileType = sourcecode.c.objc; path = ViewController.m; sourceTree = "<group>"; };
		8BD22CF21F138C4F00DD96AE /* AppDelegate.h */ = {isa = PBXFileReference; fileEncoding = 4; lastKnownFileType = sourcecode.c.h; path = AppDelegate.h; sourceTree = "<group>"; };
		8BD22CF31F138C4F00DD96AE /* AppDelegate.m */ = {isa = PBXFileReference; fileEncoding = 4; lastKnownFileType = sourcecode.c.objc; path = AppDelegate.m; sourceTree = "<group>"; };
		8BD22CF51F138C7600DD96AE /* TransportLayer.h */ = {isa = PBXFileReference; fileEncoding = 4; lastKnownFileType = sourcecode.c.h; name = TransportLayer.h; path = Transport/TransportLayer.h; sourceTree = "<group>"; };
		8BD22CF61F138C7600DD96AE /* TransportLayer.m */ = {isa = PBXFileReference; fileEncoding = 4; lastKnownFileType = sourcecode.c.objc; name = TransportLayer.m; path = Transport/TransportLayer.m; sourceTree = "<group>"; };
/* End PBXFileReference section */

/* Begin PBXFrameworksBuildPhase section */
		8BD22CCF1F137C7500DD96AE /* Frameworks */ = {
			isa = PBXFrameworksBuildPhase;
			buildActionMask = 2147483647;
			files = (
			);
			runOnlyForDeploymentPostprocessing = 0;
		};
/* End PBXFrameworksBuildPhase section */

/* Begin PBXGroup section */
		8B566B881F14B55800AB6A3A /* Support */ = {
			isa = PBXGroup;
			children = (
				8B566B891F14B55800AB6A3A /* UIAlertController+Utils.h */,
				8B566B8A1F14B55800AB6A3A /* UIAlertController+Utils.m */,
			);
			path = Support;
			sourceTree = "<group>";
		};
		8B566B921F15330D00AB6A3A /* Models */ = {
			isa = PBXGroup;
			children = (
				8B566B9E1F15380D00AB6A3A /* ModelProtocol.h */,
				8B566B931F15354B00AB6A3A /* Category.h */,
				8B566B941F15354B00AB6A3A /* Category.m */,
				8B566B961F15362500AB6A3A /* Photo.h */,
				8B566B971F15362500AB6A3A /* Photo.m */,
			);
			name = Models;
			path = TestProject/Models;
			sourceTree = SOURCE_ROOT;
		};
		8B566B9F1F153BAF00AB6A3A /* Service */ = {
			isa = PBXGroup;
			children = (
				8B566BA01F153BF300AB6A3A /* CategoryService.h */,
				8B566BA11F153BF300AB6A3A /* CategoryService.m */,
				8B566BA31F153C0400AB6A3A /* PhotosService.h */,
				8B566BA41F153C0400AB6A3A /* PhotosService.m */,
			);
			path = Service;
			sourceTree = "<group>";
		};
		8BD22CC91F137C7400DD96AE = {
			isa = PBXGroup;
			children = (
				8BD22CD41F137C7500DD96AE /* TestProject */,
				8BD22CD31F137C7500DD96AE /* Products */,
			);
			sourceTree = "<group>";
		};
		8BD22CD31F137C7500DD96AE /* Products */ = {
			isa = PBXGroup;
			children = (
				8BD22CD21F137C7500DD96AE /* TestProject.app */,
			);
			name = Products;
			sourceTree = "<group>";
		};
		8BD22CD41F137C7500DD96AE /* TestProject */ = {
			isa = PBXGroup;
			children = (
				8B566B9F1F153BAF00AB6A3A /* Service */,
				8B566B921F15330D00AB6A3A /* Models */,
				8B566B881F14B55800AB6A3A /* Support */,
				8BD22CF11F138C4F00DD96AE /* Application */,
				8BD22CED1F138C4500DD96AE /* Views */,
				8BD22CEC1F138AAF00DD96AE /* Transport */,
				8BD22CDE1F137C7500DD96AE /* Main.storyboard */,
				8BD22CD51F137C7500DD96AE /* Supporting Files */,
			);
			path = TestProject;
			sourceTree = "<group>";
		};
		8BD22CD51F137C7500DD96AE /* Supporting Files */ = {
			isa = PBXGroup;
			children = (
				8BD22CE11F137C7500DD96AE /* Assets.xcassets */,
				8BD22CE31F137C7500DD96AE /* LaunchScreen.storyboard */,
				8BD22CE61F137C7500DD96AE /* Info.plist */,
				8BD22CD61F137C7500DD96AE /* main.m */,
			);
			name = "Supporting Files";
			sourceTree = "<group>";
		};
		8BD22CEC1F138AAF00DD96AE /* Transport */ = {
			isa = PBXGroup;
			children = (
				8BD22CF51F138C7600DD96AE /* TransportLayer.h */,
				8BD22CF61F138C7600DD96AE /* TransportLayer.m */,
			);
			name = Transport;
			sourceTree = "<group>";
		};
		8BD22CED1F138C4500DD96AE /* Views */ = {
			isa = PBXGroup;
			children = (
				8B566BA61F155DA800AB6A3A /* CustomTableViewCell.h */,
				8B566BA71F155DA800AB6A3A /* CustomTableViewCell.m */,
				8BD22CEE1F138C4500DD96AE /* ViewController.h */,
				8BD22CEF1F138C4500DD96AE /* ViewController.m */,
				8B566B8C1F15095D00AB6A3A /* ImageViewController.h */,
				8B566B8D1F15095D00AB6A3A /* ImageViewController.m */,
				8B566B8F1F152F0A00AB6A3A /* CategoryViewController.h */,
				8B566B901F152F0A00AB6A3A /* CategoryViewController.m */,
				8B566BA91F158A2C00AB6A3A /* PhotoViewController.h */,
				8B566BAA1F158A2C00AB6A3A /* PhotoViewController.m */,
				8B566BAF1F1590C200AB6A3A /* CustomCollectionViewCell.h */,
				8B566BB01F1590C200AB6A3A /* CustomCollectionViewCell.m */,
			);
			path = Views;
			sourceTree = "<group>";
		};
		8BD22CF11F138C4F00DD96AE /* Application */ = {
			isa = PBXGroup;
			children = (
				8BD22CF21F138C4F00DD96AE /* AppDelegate.h */,
				8BD22CF31F138C4F00DD96AE /* AppDelegate.m */,
			);
			path = Application;
			sourceTree = "<group>";
		};
/* End PBXGroup section */

/* Begin PBXNativeTarget section */
		8BD22CD11F137C7500DD96AE /* TestProject */ = {
			isa = PBXNativeTarget;
			buildConfigurationList = 8BD22CE91F137C7500DD96AE /* Build configuration list for PBXNativeTarget "TestProject" */;
			buildPhases = (
				8BD22CCE1F137C7500DD96AE /* Sources */,
				8BD22CCF1F137C7500DD96AE /* Frameworks */,
				8BD22CD01F137C7500DD96AE /* Resources */,
			);
			buildRules = (
			);
			dependencies = (
			);
			name = TestProject;
			productName = TestProject;
			productReference = 8BD22CD21F137C7500DD96AE /* TestProject.app */;
			productType = "com.apple.product-type.application";
		};
/* End PBXNativeTarget section */

/* Begin PBXProject section */
		8BD22CCA1F137C7400DD96AE /* Project object */ = {
			isa = PBXProject;
			attributes = {
				LastUpgradeCheck = 0830;
				ORGANIZATIONNAME = Developer;
				TargetAttributes = {
					8BD22CD11F137C7500DD96AE = {
						CreatedOnToolsVersion = 8.3.3;
						ProvisioningStyle = Automatic;
					};
				};
			};
			buildConfigurationList = 8BD22CCD1F137C7400DD96AE /* Build configuration list for PBXProject "TestProject" */;
			compatibilityVersion = "Xcode 3.2";
			developmentRegion = English;
			hasScannedForEncodings = 0;
			knownRegions = (
				en,
				Base,
			);
			mainGroup = 8BD22CC91F137C7400DD96AE;
			productRefGroup = 8BD22CD31F137C7500DD96AE /* Products */;
			projectDirPath = "";
			projectRoot = "";
			targets = (
				8BD22CD11F137C7500DD96AE /* TestProject */,
			);
		};
/* End PBXProject section */

/* Begin PBXResourcesBuildPhase section */
		8BD22CD01F137C7500DD96AE /* Resources */ = {
			isa = PBXResourcesBuildPhase;
			buildActionMask = 2147483647;
			files = (
				8BD22CE51F137C7500DD96AE /* LaunchScreen.storyboard in Resources */,
				8BD22CE21F137C7500DD96AE /* Assets.xcassets in Resources */,
				8BD22CE01F137C7500DD96AE /* Main.storyboard in Resources */,
			);
			runOnlyForDeploymentPostprocessing = 0;
		};
/* End PBXResourcesBuildPhase section */

/* Begin PBXSourcesBuildPhase section */
		8BD22CCE1F137C7500DD96AE /* Sources */ = {
			isa = PBXSourcesBuildPhase;
			buildActionMask = 2147483647;
			files = (
				8B566B8E1F15095D00AB6A3A /* ImageViewController.m in Sources */,
				8B566BA21F153BF300AB6A3A /* CategoryService.m in Sources */,
				8B566BA81F155DA800AB6A3A /* CustomTableViewCell.m in Sources */,
				8B566B8B1F14B55800AB6A3A /* UIAlertController+Utils.m in Sources */,
				8BD22CF01F138C4500DD96AE /* ViewController.m in Sources */,
				8B566BA51F153C0400AB6A3A /* PhotosService.m in Sources */,
				8B566B981F15362500AB6A3A /* Photo.m in Sources */,
				8B566BAB1F158A2C00AB6A3A /* PhotoViewController.m in Sources */,
				8B566B951F15354B00AB6A3A /* Category.m in Sources */,
				8BD22CF71F138C7600DD96AE /* TransportLayer.m in Sources */,
				8B566B911F152F0A00AB6A3A /* CategoryViewController.m in Sources */,
				8B566BB11F1590C200AB6A3A /* CustomCollectionViewCell.m in Sources */,
				8BD22CD71F137C7500DD96AE /* main.m in Sources */,
				8BD22CF41F138C4F00DD96AE /* AppDelegate.m in Sources */,
			);
			runOnlyForDeploymentPostprocessing = 0;
		};
/* End PBXSourcesBuildPhase section */

/* Begin PBXVariantGroup section */
		8BD22CDE1F137C7500DD96AE /* Main.storyboard */ = {
			isa = PBXVariantGroup;
			children = (
				8BD22CDF1F137C7500DD96AE /* Base */,
			);
			name = Main.storyboard;
			sourceTree = "<group>";
		};
		8BD22CE31F137C7500DD96AE /* LaunchScreen.storyboard */ = {
			isa = PBXVariantGroup;
			children = (
				8BD22CE41F137C7500DD96AE /* Base */,
			);
			name = LaunchScreen.storyboard;
			sourceTree = "<group>";
		};
/* End PBXVariantGroup section */

/* Begin XCBuildConfiguration section */
		8BD22CE71F137C7500DD96AE /* Debug */ = {
			isa = XCBuildConfiguration;
			buildSettings = {
				ALWAYS_SEARCH_USER_PATHS = NO;
				CLANG_ANALYZER_NONNULL = YES;
				CLANG_ANALYZER_NUMBER_OBJECT_CONVERSION = YES_AGGRESSIVE;
				CLANG_CXX_LANGUAGE_STANDARD = "gnu++0x";
				CLANG_CXX_LIBRARY = "libc++";
				CLANG_ENABLE_MODULES = YES;
				CLANG_ENABLE_OBJC_ARC = YES;
				CLANG_WARN_BOOL_CONVERSION = YES;
				CLANG_WARN_CONSTANT_CONVERSION = YES;
				CLANG_WARN_DIRECT_OBJC_ISA_USAGE = YES_ERROR;
				CLANG_WARN_DOCUMENTATION_COMMENTS = YES;
				CLANG_WARN_EMPTY_BODY = YES;
				CLANG_WARN_ENUM_CONVERSION = YES;
				CLANG_WARN_INFINITE_RECURSION = YES;
				CLANG_WARN_INT_CONVERSION = YES;
				CLANG_WARN_OBJC_ROOT_CLASS = YES_ERROR;
				CLANG_WARN_SUSPICIOUS_MOVE = YES;
				CLANG_WARN_UNREACHABLE_CODE = YES;
				CLANG_WARN__DUPLICATE_METHOD_MATCH = YES;
				"CODE_SIGN_IDENTITY[sdk=iphoneos*]" = "iPhone Developer";
				COPY_PHASE_STRIP = NO;
				DEBUG_INFORMATION_FORMAT = dwarf;
				ENABLE_STRICT_OBJC_MSGSEND = YES;
				ENABLE_TESTABILITY = YES;
				GCC_C_LANGUAGE_STANDARD = gnu99;
				GCC_DYNAMIC_NO_PIC = NO;
				GCC_NO_COMMON_BLOCKS = YES;
				GCC_OPTIMIZATION_LEVEL = 0;
				GCC_PREPROCESSOR_DEFINITIONS = (
					"DEBUG=1",
					"$(inherited)",
				);
				GCC_WARN_64_TO_32_BIT_CONVERSION = YES;
				GCC_WARN_ABOUT_RETURN_TYPE = YES_ERROR;
				GCC_WARN_UNDECLARED_SELECTOR = YES;
				GCC_WARN_UNINITIALIZED_AUTOS = YES_AGGRESSIVE;
				GCC_WARN_UNUSED_FUNCTION = YES;
				GCC_WARN_UNUSED_VARIABLE = YES;
				IPHONEOS_DEPLOYMENT_TARGET = 10.3;
				MTL_ENABLE_DEBUG_INFO = YES;
				ONLY_ACTIVE_ARCH = YES;
				SDKROOT = iphoneos;
			};
			name = Debug;
		};
		8BD22CE81F137C7500DD96AE /* Release */ = {
			isa = XCBuildConfiguration;
			buildSettings = {
				ALWAYS_SEARCH_USER_PATHS = NO;
				CLANG_ANALYZER_NONNULL = YES;
				CLANG_ANALYZER_NUMBER_OBJECT_CONVERSION = YES_AGGRESSIVE;
				CLANG_CXX_LANGUAGE_STANDARD = "gnu++0x";
				CLANG_CXX_LIBRARY = "libc++";
				CLANG_ENABLE_MODULES = YES;
				CLANG_ENABLE_OBJC_ARC = YES;
				CLANG_WARN_BOOL_CONVERSION = YES;
				CLANG_WARN_CONSTANT_CONVERSION = YES;
				CLANG_WARN_DIRECT_OBJC_ISA_USAGE = YES_ERROR;
				CLANG_WARN_DOCUMENTATION_COMMENTS = YES;
				CLANG_WARN_EMPTY_BODY = YES;
				CLANG_WARN_ENUM_CONVERSION = YES;
				CLANG_WARN_INFINITE_RECURSION = YES;
				CLANG_WARN_INT_CONVERSION = YES;
				CLANG_WARN_OBJC_ROOT_CLASS = YES_ERROR;
				CLANG_WARN_SUSPICIOUS_MOVE = YES;
				CLANG_WARN_UNREACHABLE_CODE = YES;
				CLANG_WARN__DUPLICATE_METHOD_MATCH = YES;
				"CODE_SIGN_IDENTITY[sdk=iphoneos*]" = "iPhone Developer";
				COPY_PHASE_STRIP = NO;
				DEBUG_INFORMATION_FORMAT = "dwarf-with-dsym";
				ENABLE_NS_ASSERTIONS = NO;
				ENABLE_STRICT_OBJC_MSGSEND = YES;
				GCC_C_LANGUAGE_STANDARD = gnu99;
				GCC_NO_COMMON_BLOCKS = YES;
				GCC_WARN_64_TO_32_BIT_CONVERSION = YES;
				GCC_WARN_ABOUT_RETURN_TYPE = YES_ERROR;
				GCC_WARN_UNDECLARED_SELECTOR = YES;
				GCC_WARN_UNINITIALIZED_AUTOS = YES_AGGRESSIVE;
				GCC_WARN_UNUSED_FUNCTION = YES;
				GCC_WARN_UNUSED_VARIABLE = YES;
				IPHONEOS_DEPLOYMENT_TARGET = 10.3;
				MTL_ENABLE_DEBUG_INFO = NO;
				SDKROOT = iphoneos;
				VALIDATE_PRODUCT = YES;
			};
			name = Release;
		};
		8BD22CEA1F137C7500DD96AE /* Debug */ = {
			isa = XCBuildConfiguration;
			buildSettings = {
				ASSETCATALOG_COMPILER_APPICON_NAME = AppIcon;
				INFOPLIST_FILE = TestProject/Info.plist;
				IPHONEOS_DEPLOYMENT_TARGET = 9.0;
				LD_RUNPATH_SEARCH_PATHS = "$(inherited) @executable_path/Frameworks";
				PRODUCT_BUNDLE_IDENTIFIER = com.iosCourse.TestProject;
				PRODUCT_NAME = "$(TARGET_NAME)";
			};
			name = Debug;
		};
		8BD22CEB1F137C7500DD96AE /* Release */ = {
			isa = XCBuildConfiguration;
			buildSettings = {
				ASSETCATALOG_COMPILER_APPICON_NAME = AppIcon;
				INFOPLIST_FILE = TestProject/Info.plist;
				IPHONEOS_DEPLOYMENT_TARGET = 9.0;
				LD_RUNPATH_SEARCH_PATHS = "$(inherited) @executable_path/Frameworks";
				PRODUCT_BUNDLE_IDENTIFIER = com.iosCourse.TestProject;
				PRODUCT_NAME = "$(TARGET_NAME)";
			};
			name = Release;
		};
/* End XCBuildConfiguration section */

/* Begin XCConfigurationList section */
		8BD22CCD1F137C7400DD96AE /* Build configuration list for PBXProject "TestProject" */ = {
			isa = XCConfigurationList;
			buildConfigurations = (
				8BD22CE71F137C7500DD96AE /* Debug */,
				8BD22CE81F137C7500DD96AE /* Release */,
			);
			defaultConfigurationIsVisible = 0;
			defaultConfigurationName = Release;
		};
		8BD22CE91F137C7500DD96AE /* Build configuration list for PBXNativeTarget "TestProject" */ = {
			isa = XCConfigurationList;
			buildConfigurations = (
				8BD22CEA1F137C7500DD96AE /* Debug */,
				8BD22CEB1F137C7500DD96AE /* Release */,
			);
			defaultConfigurationIsVisible = 0;
			defaultConfigurationName = Release;
		};
/* End XCConfigurationList section */
	};
	rootObject = 8BD22CCA1F137C7400DD96AE /* Project object */;
}
